
Microsoft Visual Studio Solution File, Format Version 12.00
# Visual Studio Version 16
VisualStudioVersion = 16.0.31624.102
MinimumVisualStudioVersion = 10.0.40219.1
Project("{FAE04EC0-301F-11D3-BF4B-00C04F79EFBC}") = "Praktika", "Praktika.csproj", "{2E5FE8A7-A868-411A-A98C-E7A7FD3C6EB6}"
EndProject
Project("{FAE04EC0-301F-11D3-BF4B-00C04F79EFBC}") = "ModalCutom", "..\ModalCutom\ModalCutom.csproj", "{59E17B05-B0F8-4CBF-881B-BE75B89AF7A4}"
EndProject
Project("{FAE04EC0-301F-11D3-BF4B-00C04F79EFBC}") = "LoadingCustom", "..\LoadingCustom\LoadingCustom.csproj", "{3D99B53C-4AF9-405B-A53B-646F60AD8780}"
EndProject
Project("{2150E333-8FDC-42A3-9474-1A3956D46DE8}") = "Custom", "Custom", "{9C6ABE93-FA26-4E69-A64F-28622CC72B4B}"
EndProject
Global
	GlobalSection(SolutionConfigurationPlatforms) = preSolution
		Debug|Any CPU = Debug|Any CPU
		Release|Any CPU = Release|Any CPU
	EndGlobalSection
	GlobalSection(ProjectConfigurationPlatforms) = postSolution
		{2E5FE8A7-A868-411A-A98C-E7A7FD3C6EB6}.Debug|Any CPU.ActiveCfg = Debug|Any CPU
		{2E5FE8A7-A868-411A-A98C-E7A7FD3C6EB6}.Debug|Any CPU.Build.0 = Debug|Any CPU
		{2E5FE8A7-A868-411A-A98C-E7A7FD3C6EB6}.Release|Any CPU.ActiveCfg = Release|Any CPU
		{2E5FE8A7-A868-411A-A98C-E7A7FD3C6EB6}.Release|Any CPU.Build.0 = Release|Any CPU
		{59E17B05-B0F8-4CBF-881B-BE75B89AF7A4}.Debug|Any CPU.ActiveCfg = Debug|Any CPU
		{59E17B05-B0F8-4CBF-881B-BE75B89AF7A4}.Debug|Any CPU.Build.0 = Debug|Any CPU
		{59E17B05-B0F8-4CBF-881B-BE75B89AF7A4}.Release|Any CPU.ActiveCfg = Release|Any CPU
		{59E17B05-B0F8-4CBF-881B-BE75B89AF7A4}.Release|Any CPU.Build.0 = Release|Any CPU
		{3D99B53C-4AF9-405B-A53B-646F60AD8780}.Debug|Any CPU.ActiveCfg = Debug|Any CPU
		{3D99B53C-4AF9-405B-A53B-646F60AD8780}.Debug|Any CPU.Build.0 = Debug|Any CPU
		{3D99B53C-4AF9-405B-A53B-646F60AD8780}.Release|Any CPU.ActiveCfg = Release|Any CPU
		{3D99B53C-4AF9-405B-A53B-646F60AD8780}.Release|Any CPU.Build.0 = Release|Any CPU
	EndGlobalSection
	GlobalSection(SolutionProperties) = preSolution
		HideSolutionNode = FALSE
	EndGlobalSection
	GlobalSection(NestedProjects) = preSolution
		{59E17B05-B0F8-4CBF-881B-BE75B89AF7A4} = {9C6ABE93-FA26-4E69-A64F-28622CC72B4B}
		{3D99B53C-4AF9-405B-A53B-646F60AD8780} = {9C6ABE93-FA26-4E69-A64F-28622CC72B4B}
	EndGlobalSection
	GlobalSection(ExtensibilityGlobals) = postSolution
		SolutionGuid = {AA5DFF49-2297-4830-BA65-172A485927C4}
	EndGlobalSection
EndGlobal
